// !$*UTF8*$!
{
	archiveVersion = 1;
	classes = {
	};
	objectVersion = 50;
	objects = {

/* Begin PBXBuildFile section */
		8BD85202968CE35CB3C9AC7D /* Pods_lvdouyi.framework in Frameworks */ = {isa = PBXBuildFile; fileRef = 937B6C2C665F39B365503312 /* Pods_lvdouyi.framework */; };
		934CBA1021420A8D007F38FF /* AppDelegate.m in Sources */ = {isa = PBXBuildFile; fileRef = 934CBA0F21420A8D007F38FF /* AppDelegate.m */; };
		934CBA1321420A8D007F38FF /* ViewController.m in Sources */ = {isa = PBXBuildFile; fileRef = 934CBA1221420A8D007F38FF /* ViewController.m */; };
		934CBA1921420A8D007F38FF /* lvdouyi.xcdatamodeld in Sources */ = {isa = PBXBuildFile; fileRef = 934CBA1721420A8D007F38FF /* lvdouyi.xcdatamodeld */; };
		934CBA1B21420AA1007F38FF /* Assets.xcassets in Resources */ = {isa = PBXBuildFile; fileRef = 934CBA1A21420AA1007F38FF /* Assets.xcassets */; };
		934CBA2121420AA1007F38FF /* main.m in Sources */ = {isa = PBXBuildFile; fileRef = 934CBA2021420AA1007F38FF /* main.m */; };
		934CBA2B214226C1007F38FF /* IntroductoryPagesView.m in Sources */ = {isa = PBXBuildFile; fileRef = 934CBA2A214226C1007F38FF /* IntroductoryPagesView.m */; };
		934CBA2F21426832007F38FF /* IntroductoryPagesHelper.m in Sources */ = {isa = PBXBuildFile; fileRef = 934CBA2E21426832007F38FF /* IntroductoryPagesHelper.m */; };
		934CBA33214605BD007F38FF /* intrthree.jpg in Resources */ = {isa = PBXBuildFile; fileRef = 934CBA30214605BD007F38FF /* intrthree.jpg */; };
		934CBA34214605BD007F38FF /* introne.jpg in Resources */ = {isa = PBXBuildFile; fileRef = 934CBA31214605BD007F38FF /* introne.jpg */; };
		934CBA35214605BD007F38FF /* intrtwo.jpg in Resources */ = {isa = PBXBuildFile; fileRef = 934CBA32214605BD007F38FF /* intrtwo.jpg */; };
		934CBA382147B2CE007F38FF /* WKDelegateController.m in Sources */ = {isa = PBXBuildFile; fileRef = 934CBA372147B2CD007F38FF /* WKDelegateController.m */; };
		934CBA3A2148A275007F38FF /* libsqlite3.tbd in Frameworks */ = {isa = PBXBuildFile; fileRef = 934CBA392148A275007F38FF /* libsqlite3.tbd */; };
		934CBA3C2148A284007F38FF /* CoreGraphics.framework in Frameworks */ = {isa = PBXBuildFile; fileRef = 934CBA3B2148A284007F38FF /* CoreGraphics.framework */; };
		934CBA3F2148BA93007F38FF /* shareBean.m in Sources */ = {isa = PBXBuildFile; fileRef = 934CBA3E2148BA93007F38FF /* shareBean.m */; };
		9381D48F214A5993009D4772 /* AppConst.m in Sources */ = {isa = PBXBuildFile; fileRef = 9381D48E214A5993009D4772 /* AppConst.m */; };
		9381D491214A5C12009D4772 /* Images.xcassets in Resources */ = {isa = PBXBuildFile; fileRef = 9381D490214A5C12009D4772 /* Images.xcassets */; };
		FF1551AC21481E480081C72B /* guide1.png in Resources */ = {isa = PBXBuildFile; fileRef = FF1551AB21481E480081C72B /* guide1.png */; };
		FF1551AE21481E500081C72B /* guide2.png in Resources */ = {isa = PBXBuildFile; fileRef = FF1551AD21481E500081C72B /* guide2.png */; };
/* End PBXBuildFile section */

/* Begin PBXFileReference section */
		329669E36240844A90B06065 /* Pods-lvdouyi.debug.xcconfig */ = {isa = PBXFileReference; includeInIndex = 1; lastKnownFileType = text.xcconfig; name = "Pods-lvdouyi.debug.xcconfig"; path = "Pods/Target Support Files/Pods-lvdouyi/Pods-lvdouyi.debug.xcconfig"; sourceTree = "<group>"; };
		934CBA0B21420A8D007F38FF /* lvdouyi.app */ = {isa = PBXFileReference; explicitFileType = wrapper.application; includeInIndex = 0; path = lvdouyi.app; sourceTree = BUILT_PRODUCTS_DIR; };
		934CBA0E21420A8D007F38FF /* AppDelegate.h */ = {isa = PBXFileReference; lastKnownFileType = sourcecode.c.h; path = AppDelegate.h; sourceTree = "<group>"; };
		934CBA0F21420A8D007F38FF /* AppDelegate.m */ = {isa = PBXFileReference; lastKnownFileType = sourcecode.c.objc; path = AppDelegate.m; sourceTree = "<group>"; };
		934CBA1121420A8D007F38FF /* ViewController.h */ = {isa = PBXFileReference; lastKnownFileType = sourcecode.c.h; path = ViewController.h; sourceTree = "<group>"; };
		934CBA1221420A8D007F38FF /* ViewController.m */ = {isa = PBXFileReference; lastKnownFileType = sourcecode.c.objc; path = ViewController.m; sourceTree = "<group>"; };
		934CBA1821420A8D007F38FF /* lvdouyi.xcdatamodel */ = {isa = PBXFileReference; lastKnownFileType = wrapper.xcdatamodel; path = lvdouyi.xcdatamodel; sourceTree = "<group>"; };
		934CBA1A21420AA1007F38FF /* Assets.xcassets */ = {isa = PBXFileReference; lastKnownFileType = folder.assetcatalog; path = Assets.xcassets; sourceTree = "<group>"; };
		934CBA1F21420AA1007F38FF /* Info.plist */ = {isa = PBXFileReference; lastKnownFileType = text.plist.xml; path = Info.plist; sourceTree = "<group>"; };
		934CBA2021420AA1007F38FF /* main.m */ = {isa = PBXFileReference; lastKnownFileType = sourcecode.c.objc; path = main.m; sourceTree = "<group>"; };
		934CBA29214226B6007F38FF /* IntroductoryPagesView.h */ = {isa = PBXFileReference; lastKnownFileType = sourcecode.c.h; path = IntroductoryPagesView.h; sourceTree = "<group>"; };
		934CBA2A214226C1007F38FF /* IntroductoryPagesView.m */ = {isa = PBXFileReference; lastKnownFileType = sourcecode.c.objc; path = IntroductoryPagesView.m; sourceTree = "<group>"; };
		934CBA2C2142282A007F38FF /* LvdouyiPrefix.pch */ = {isa = PBXFileReference; lastKnownFileType = sourcecode.c.h; path = LvdouyiPrefix.pch; sourceTree = "<group>"; };
		934CBA2D21426824007F38FF /* IntroductoryPagesHelper.h */ = {isa = PBXFileReference; lastKnownFileType = sourcecode.c.h; path = IntroductoryPagesHelper.h; sourceTree = "<group>"; };
		934CBA2E21426832007F38FF /* IntroductoryPagesHelper.m */ = {isa = PBXFileReference; lastKnownFileType = sourcecode.c.objc; path = IntroductoryPagesHelper.m; sourceTree = "<group>"; };
		934CBA30214605BD007F38FF /* intrthree.jpg */ = {isa = PBXFileReference; lastKnownFileType = image.jpeg; path = intrthree.jpg; sourceTree = "<group>"; };
		934CBA31214605BD007F38FF /* introne.jpg */ = {isa = PBXFileReference; lastKnownFileType = image.jpeg; path = introne.jpg; sourceTree = "<group>"; };
		934CBA32214605BD007F38FF /* intrtwo.jpg */ = {isa = PBXFileReference; lastKnownFileType = image.jpeg; path = intrtwo.jpg; sourceTree = "<group>"; };
		934CBA362147B2C4007F38FF /* WKDelegateController.h */ = {isa = PBXFileReference; fileEncoding = 4; lastKnownFileType = sourcecode.c.h; path = WKDelegateController.h; sourceTree = "<group>"; };
		934CBA372147B2CD007F38FF /* WKDelegateController.m */ = {isa = PBXFileReference; fileEncoding = 4; lastKnownFileType = sourcecode.c.objc; path = WKDelegateController.m; sourceTree = "<group>"; };
		934CBA392148A275007F38FF /* libsqlite3.tbd */ = {isa = PBXFileReference; lastKnownFileType = "sourcecode.text-based-dylib-definition"; name = libsqlite3.tbd; path = usr/lib/libsqlite3.tbd; sourceTree = SDKROOT; };
		934CBA3B2148A284007F38FF /* CoreGraphics.framework */ = {isa = PBXFileReference; lastKnownFileType = wrapper.framework; name = CoreGraphics.framework; path = System/Library/Frameworks/CoreGraphics.framework; sourceTree = SDKROOT; };
		934CBA3D2148BA86007F38FF /* shareBean.h */ = {isa = PBXFileReference; lastKnownFileType = sourcecode.c.h; path = shareBean.h; sourceTree = "<group>"; };
		934CBA3E2148BA93007F38FF /* shareBean.m */ = {isa = PBXFileReference; lastKnownFileType = sourcecode.c.objc; path = shareBean.m; sourceTree = "<group>"; };
		937B6C2C665F39B365503312 /* Pods_lvdouyi.framework */ = {isa = PBXFileReference; explicitFileType = wrapper.framework; includeInIndex = 0; path = Pods_lvdouyi.framework; sourceTree = BUILT_PRODUCTS_DIR; };
		9381D48D214A5983009D4772 /* AppConst.h */ = {isa = PBXFileReference; lastKnownFileType = sourcecode.c.h; path = AppConst.h; sourceTree = "<group>"; };
		9381D48E214A5993009D4772 /* AppConst.m */ = {isa = PBXFileReference; lastKnownFileType = sourcecode.c.objc; path = AppConst.m; sourceTree = "<group>"; };
		9381D490214A5C12009D4772 /* Images.xcassets */ = {isa = PBXFileReference; lastKnownFileType = folder.assetcatalog; path = Images.xcassets; sourceTree = "<group>"; };
		C27D4313EA524D904D6B92FA /* Pods-lvdouyi.release.xcconfig */ = {isa = PBXFileReference; includeInIndex = 1; lastKnownFileType = text.xcconfig; name = "Pods-lvdouyi.release.xcconfig"; path = "Pods/Target Support Files/Pods-lvdouyi/Pods-lvdouyi.release.xcconfig"; sourceTree = "<group>"; };
		FF1551AB21481E480081C72B /* guide1.png */ = {isa = PBXFileReference; lastKnownFileType = image.png; name = guide1.png; path = ../../../vitagou_v5/vitagou/vitagou/Helper/guide1.png; sourceTree = "<group>"; };
		FF1551AD21481E500081C72B /* guide2.png */ = {isa = PBXFileReference; lastKnownFileType = image.png; name = guide2.png; path = ../../../vitagou_v5/vitagou/vitagou/Helper/guide2.png; sourceTree = "<group>"; };
/* End PBXFileReference section */

/* Begin PBXFrameworksBuildPhase section */
		934CBA0821420A8D007F38FF /* Frameworks */ = {
			isa = PBXFrameworksBuildPhase;
			buildActionMask = 2147483647;
			files = (
				934CBA3C2148A284007F38FF /* CoreGraphics.framework in Frameworks */,
				934CBA3A2148A275007F38FF /* libsqlite3.tbd in Frameworks */,
				8BD85202968CE35CB3C9AC7D /* Pods_lvdouyi.framework in Frameworks */,
			);
			runOnlyForDeploymentPostprocessing = 0;
		};
/* End PBXFrameworksBuildPhase section */

/* Begin PBXGroup section */
		5330B07A15D961C2D2D248A2 /* Frameworks */ = {
			isa = PBXGroup;
			children = (
				934CBA3B2148A284007F38FF /* CoreGraphics.framework */,
				934CBA392148A275007F38FF /* libsqlite3.tbd */,
				937B6C2C665F39B365503312 /* Pods_lvdouyi.framework */,
			);
			name = Frameworks;
			sourceTree = "<group>";
		};
		934CBA0221420A8D007F38FF = {
			isa = PBXGroup;
			children = (
				934CBA0D21420A8D007F38FF /* lvdouyi */,
				934CBA0C21420A8D007F38FF /* Products */,
				94C82264C92B970524D3A547 /* Pods */,
				5330B07A15D961C2D2D248A2 /* Frameworks */,
			);
			sourceTree = "<group>";
		};
		934CBA0C21420A8D007F38FF /* Products */ = {
			isa = PBXGroup;
			children = (
				934CBA0B21420A8D007F38FF /* lvdouyi.app */,
			);
			name = Products;
			sourceTree = "<group>";
		};
		934CBA0D21420A8D007F38FF /* lvdouyi */ = {
			isa = PBXGroup;
			children = (
				934CBA362147B2C4007F38FF /* WKDelegateController.h */,
				934CBA372147B2CD007F38FF /* WKDelegateController.m */,
				934CBA27214224CE007F38FF /* Introduce */,
				934CBA0E21420A8D007F38FF /* AppDelegate.h */,
				934CBA0F21420A8D007F38FF /* AppDelegate.m */,
				934CBA1121420A8D007F38FF /* ViewController.h */,
				934CBA1221420A8D007F38FF /* ViewController.m */,
				934CBA1A21420AA1007F38FF /* Assets.xcassets */,
				934CBA1F21420AA1007F38FF /* Info.plist */,
				934CBA2021420AA1007F38FF /* main.m */,
				934CBA1721420A8D007F38FF /* lvdouyi.xcdatamodeld */,
				934CBA2C2142282A007F38FF /* LvdouyiPrefix.pch */,
				934CBA3D2148BA86007F38FF /* shareBean.h */,
				934CBA3E2148BA93007F38FF /* shareBean.m */,
				9381D48D214A5983009D4772 /* AppConst.h */,
				9381D48E214A5993009D4772 /* AppConst.m */,
				9381D490214A5C12009D4772 /* Images.xcassets */,
			);
			path = lvdouyi;
			sourceTree = "<group>";
		};
		934CBA27214224CE007F38FF /* Introduce */ = {
			isa = PBXGroup;
			children = (
				FF1551AD21481E500081C72B /* guide2.png */,
				FF1551AB21481E480081C72B /* guide1.png */,
				934CBA31214605BD007F38FF /* introne.jpg */,
				934CBA30214605BD007F38FF /* intrthree.jpg */,
				934CBA32214605BD007F38FF /* intrtwo.jpg */,
				934CBA29214226B6007F38FF /* IntroductoryPagesView.h */,
				934CBA2A214226C1007F38FF /* IntroductoryPagesView.m */,
				934CBA2D21426824007F38FF /* IntroductoryPagesHelper.h */,
				934CBA2E21426832007F38FF /* IntroductoryPagesHelper.m */,
			);
			path = Introduce;
			sourceTree = "<group>";
		};
		94C82264C92B970524D3A547 /* Pods */ = {
			isa = PBXGroup;
			children = (
				329669E36240844A90B06065 /* Pods-lvdouyi.debug.xcconfig */,
				C27D4313EA524D904D6B92FA /* Pods-lvdouyi.release.xcconfig */,
			);
			name = Pods;
			sourceTree = "<group>";
		};
/* End PBXGroup section */

/* Begin PBXNativeTarget section */
		934CBA0A21420A8D007F38FF /* lvdouyi */ = {
			isa = PBXNativeTarget;
			buildConfigurationList = 934CBA2421420AA1007F38FF /* Build configuration list for PBXNativeTarget "lvdouyi" */;
			buildPhases = (
				2CE677996663D5116B1A9ABA /* [CP] Check Pods Manifest.lock */,
				934CBA0721420A8D007F38FF /* Sources */,
				934CBA0821420A8D007F38FF /* Frameworks */,
				934CBA0921420A8D007F38FF /* Resources */,
				1EE2D9E6818391E098CDAADE /* [CP] Embed Pods Frameworks */,
				FC4F4502D44898CD469C8FD3 /* [CP] Copy Pods Resources */,
			);
			buildRules = (
			);
			dependencies = (
			);
			name = lvdouyi;
			productName = lvdouyi;
			productReference = 934CBA0B21420A8D007F38FF /* lvdouyi.app */;
			productType = "com.apple.product-type.application";
		};
/* End PBXNativeTarget section */

/* Begin PBXProject section */
		934CBA0321420A8D007F38FF /* Project object */ = {
			isa = PBXProject;
			attributes = {
				LastUpgradeCheck = 0940;
				ORGANIZATIONNAME = vitagou;
				TargetAttributes = {
					934CBA0A21420A8D007F38FF = {
						CreatedOnToolsVersion = 9.4.1;
					};
				};
			};
			buildConfigurationList = 934CBA0621420A8D007F38FF /* Build configuration list for PBXProject "lvdouyi" */;
			compatibilityVersion = "Xcode 9.3";
			developmentRegion = en;
			hasScannedForEncodings = 0;
			knownRegions = (
				en,
				Base,
			);
			mainGroup = 934CBA0221420A8D007F38FF;
			productRefGroup = 934CBA0C21420A8D007F38FF /* Products */;
			projectDirPath = "";
			projectRoot = "";
			targets = (
				934CBA0A21420A8D007F38FF /* lvdouyi */,
			);
		};
/* End PBXProject section */

/* Begin PBXResourcesBuildPhase section */
		934CBA0921420A8D007F38FF /* Resources */ = {
			isa = PBXResourcesBuildPhase;
			buildActionMask = 2147483647;
			files = (
				FF1551AC21481E480081C72B /* guide1.png in Resources */,
				FF1551AE21481E500081C72B /* guide2.png in Resources */,
				9381D491214A5C12009D4772 /* Images.xcassets in Resources */,
				934CBA33214605BD007F38FF /* intrthree.jpg in Resources */,
				934CBA1B21420AA1007F38FF /* Assets.xcassets in Resources */,
				934CBA34214605BD007F38FF /* introne.jpg in Resources */,
				934CBA35214605BD007F38FF /* intrtwo.jpg in Resources */,
			);
			runOnlyForDeploymentPostprocessing = 0;
		};
/* End PBXResourcesBuildPhase section */

/* Begin PBXShellScriptBuildPhase section */
		1EE2D9E6818391E098CDAADE /* [CP] Embed Pods Frameworks */ = {
			isa = PBXShellScriptBuildPhase;
			buildActionMask = 2147483647;
			files = (
			);
			inputPaths = (
				"${SRCROOT}/Pods/Target Support Files/Pods-lvdouyi/Pods-lvdouyi-frameworks.sh",
				"${BUILT_PRODUCTS_DIR}/MJExtension/MJExtension.framework",
				"${BUILT_PRODUCTS_DIR}/WebViewJavascriptBridge/WebViewJavascriptBridge.framework",
				"${BUILT_PRODUCTS_DIR}/YYKit/YYKit.framework",
			);
			name = "[CP] Embed Pods Frameworks";
			outputPaths = (
				"${TARGET_BUILD_DIR}/${FRAMEWORKS_FOLDER_PATH}/MJExtension.framework",
				"${TARGET_BUILD_DIR}/${FRAMEWORKS_FOLDER_PATH}/WebViewJavascriptBridge.framework",
				"${TARGET_BUILD_DIR}/${FRAMEWORKS_FOLDER_PATH}/YYKit.framework",
			);
			runOnlyForDeploymentPostprocessing = 0;
			shellPath = /bin/sh;
			shellScript = "\"${SRCROOT}/Pods/Target Support Files/Pods-lvdouyi/Pods-lvdouyi-frameworks.sh\"\n";
			showEnvVarsInLog = 0;
		};
		2CE677996663D5116B1A9ABA /* [CP] Check Pods Manifest.lock */ = {
			isa = PBXShellScriptBuildPhase;
			buildActionMask = 2147483647;
			files = (
			);
			inputPaths = (
				"${PODS_PODFILE_DIR_PATH}/Podfile.lock",
				"${PODS_ROOT}/Manifest.lock",
			);
			name = "[CP] Check Pods Manifest.lock";
			outputPaths = (
				"$(DERIVED_FILE_DIR)/Pods-lvdouyi-checkManifestLockResult.txt",
			);
			runOnlyForDeploymentPostprocessing = 0;
			shellPath = /bin/sh;
			shellScript = "diff \"${PODS_PODFILE_DIR_PATH}/Podfile.lock\" \"${PODS_ROOT}/Manifest.lock\" > /dev/null\nif [ $? != 0 ] ; then\n    # print error to STDERR\n    echo \"error: The sandbox is not in sync with the Podfile.lock. Run 'pod install' or update your CocoaPods installation.\" >&2\n    exit 1\nfi\n# This output is used by Xcode 'outputs' to avoid re-running this script phase.\necho \"SUCCESS\" > \"${SCRIPT_OUTPUT_FILE_0}\"\n";
			showEnvVarsInLog = 0;
		};
		FC4F4502D44898CD469C8FD3 /* [CP] Copy Pods Resources */ = {
			isa = PBXShellScriptBuildPhase;
			buildActionMask = 2147483647;
			files = (
			);
			inputPaths = (
				"${SRCROOT}/Pods/Target Support Files/Pods-lvdouyi/Pods-lvdouyi-resources.sh",
				"${PODS_ROOT}/UMCShare/UMShare/UMSocialUI/UMSocialSDKResources.bundle",
			);
			name = "[CP] Copy Pods Resources";
			outputPaths = (
				"${TARGET_BUILD_DIR}/${UNLOCALIZED_RESOURCES_FOLDER_PATH}/UMSocialSDKResources.bundle",
			);
			runOnlyForDeploymentPostprocessing = 0;
			shellPath = /bin/sh;
			shellScript = "\"${SRCROOT}/Pods/Target Support Files/Pods-lvdouyi/Pods-lvdouyi-resources.sh\"\n";
			showEnvVarsInLog = 0;
		};
/* End PBXShellScriptBuildPhase section */

/* Begin PBXSourcesBuildPhase section */
		934CBA0721420A8D007F38FF /* Sources */ = {
			isa = PBXSourcesBuildPhase;
			buildActionMask = 2147483647;
			files = (
				934CBA2F21426832007F38FF /* IntroductoryPagesHelper.m in Sources */,
				934CBA1321420A8D007F38FF /* ViewController.m in Sources */,
				934CBA1921420A8D007F38FF /* lvdouyi.xcdatamodeld in Sources */,
				9381D48F214A5993009D4772 /* AppConst.m in Sources */,
				934CBA2121420AA1007F38FF /* main.m in Sources */,
				934CBA382147B2CE007F38FF /* WKDelegateController.m in Sources */,
				934CBA1021420A8D007F38FF /* AppDelegate.m in Sources */,
				934CBA2B214226C1007F38FF /* IntroductoryPagesView.m in Sources */,
				934CBA3F2148BA93007F38FF /* shareBean.m in Sources */,
			);
			runOnlyForDeploymentPostprocessing = 0;
		};
/* End PBXSourcesBuildPhase section */

/* Begin XCBuildConfiguration section */
		934CBA2221420AA1007F38FF /* Debug */ = {
			isa = XCBuildConfiguration;
			buildSettings = {
				ALWAYS_SEARCH_USER_PATHS = NO;
				CLANG_ANALYZER_NONNULL = YES;
				CLANG_ANALYZER_NUMBER_OBJECT_CONVERSION = YES_AGGRESSIVE;
				CLANG_CXX_LANGUAGE_STANDARD = "gnu++14";
				CLANG_CXX_LIBRARY = "libc++";
				CLANG_ENABLE_MODULES = YES;
				CLANG_ENABLE_OBJC_ARC = YES;
				CLANG_ENABLE_OBJC_WEAK = YES;
				CLANG_WARN_BLOCK_CAPTURE_AUTORELEASING = YES;
				CLANG_WARN_BOOL_CONVERSION = YES;
				CLANG_WARN_COMMA = YES;
				CLANG_WARN_CONSTANT_CONVERSION = YES;
				CLANG_WARN_DEPRECATED_OBJC_IMPLEMENTATIONS = YES;
				CLANG_WARN_DIRECT_OBJC_ISA_USAGE = YES_ERROR;
				CLANG_WARN_DOCUMENTATION_COMMENTS = YES;
				CLANG_WARN_EMPTY_BODY = YES;
				CLANG_WARN_ENUM_CONVERSION = YES;
				CLANG_WARN_INFINITE_RECURSION = YES;
				CLANG_WARN_INT_CONVERSION = YES;
				CLANG_WARN_NON_LITERAL_NULL_CONVERSION = YES;
				CLANG_WARN_OBJC_IMPLICIT_RETAIN_SELF = YES;
				CLANG_WARN_OBJC_LITERAL_CONVERSION = YES;
				CLANG_WARN_OBJC_ROOT_CLASS = YES_ERROR;
				CLANG_WARN_RANGE_LOOP_ANALYSIS = YES;
				CLANG_WARN_STRICT_PROTOTYPES = YES;
				CLANG_WARN_SUSPICIOUS_MOVE = YES;
				CLANG_WARN_UNGUARDED_AVAILABILITY = YES_AGGRESSIVE;
				CLANG_WARN_UNREACHABLE_CODE = YES;
				CLANG_WARN__DUPLICATE_METHOD_MATCH = YES;
				CODE_SIGN_IDENTITY = "iPhone Developer";
				COPY_PHASE_STRIP = NO;
				DEBUG_INFORMATION_FORMAT = dwarf;
				ENABLE_STRICT_OBJC_MSGSEND = YES;
				ENABLE_TESTABILITY = YES;
				GCC_C_LANGUAGE_STANDARD = gnu11;
				GCC_DYNAMIC_NO_PIC = NO;
				GCC_NO_COMMON_BLOCKS = YES;
				GCC_OPTIMIZATION_LEVEL = 0;
				GCC_PREPROCESSOR_DEFINITIONS = (
					"DEBUG=1",
					"$(inherited)",
				);
				GCC_WARN_64_TO_32_BIT_CONVERSION = YES;
				GCC_WARN_ABOUT_RETURN_TYPE = YES_ERROR;
				GCC_WARN_UNDECLARED_SELECTOR = YES;
				GCC_WARN_UNINITIALIZED_AUTOS = YES_AGGRESSIVE;
				GCC_WARN_UNUSED_FUNCTION = YES;
				GCC_WARN_UNUSED_VARIABLE = YES;
				IPHONEOS_DEPLOYMENT_TARGET = 11.4;
				MTL_ENABLE_DEBUG_INFO = YES;
				ONLY_ACTIVE_ARCH = YES;
				OTHER_LDFLAGS = "-ObjC";
				SDKROOT = iphoneos;
			};
			name = Debug;
		};
		934CBA2321420AA1007F38FF /* Release */ = {
			isa = XCBuildConfiguration;
			buildSettings = {
				ALWAYS_SEARCH_USER_PATHS = NO;
				CLANG_ANALYZER_NONNULL = YES;
				CLANG_ANALYZER_NUMBER_OBJECT_CONVERSION = YES_AGGRESSIVE;
				CLANG_CXX_LANGUAGE_STANDARD = "gnu++14";
				CLANG_CXX_LIBRARY = "libc++";
				CLANG_ENABLE_MODULES = YES;
				CLANG_ENABLE_OBJC_ARC = YES;
				CLANG_ENABLE_OBJC_WEAK = YES;
				CLANG_WARN_BLOCK_CAPTURE_AUTORELEASING = YES;
				CLANG_WARN_BOOL_CONVERSION = YES;
				CLANG_WARN_COMMA = YES;
				CLANG_WARN_CONSTANT_CONVERSION = YES;
				CLANG_WARN_DEPRECATED_OBJC_IMPLEMENTATIONS = YES;
				CLANG_WARN_DIRECT_OBJC_ISA_USAGE = YES_ERROR;
				CLANG_WARN_DOCUMENTATION_COMMENTS = YES;
				CLANG_WARN_EMPTY_BODY = YES;
				CLANG_WARN_ENUM_CONVERSION = YES;
				CLANG_WARN_INFINITE_RECURSION = YES;
				CLANG_WARN_INT_CONVERSION = YES;
				CLANG_WARN_NON_LITERAL_NULL_CONVERSION = YES;
				CLANG_WARN_OBJC_IMPLICIT_RETAIN_SELF = YES;
				CLANG_WARN_OBJC_LITERAL_CONVERSION = YES;
				CLANG_WARN_OBJC_ROOT_CLASS = YES_ERROR;
				CLANG_WARN_RANGE_LOOP_ANALYSIS = YES;
				CLANG_WARN_STRICT_PROTOTYPES = YES;
				CLANG_WARN_SUSPICIOUS_MOVE = YES;
				CLANG_WARN_UNGUARDED_AVAILABILITY = YES_AGGRESSIVE;
				CLANG_WARN_UNREACHABLE_CODE = YES;
				CLANG_WARN__DUPLICATE_METHOD_MATCH = YES;
				CODE_SIGN_IDENTITY = "iPhone Developer";
				COPY_PHASE_STRIP = NO;
				DEBUG_INFORMATION_FORMAT = "dwarf-with-dsym";
				ENABLE_NS_ASSERTIONS = NO;
				ENABLE_STRICT_OBJC_MSGSEND = YES;
				GCC_C_LANGUAGE_STANDARD = gnu11;
				GCC_NO_COMMON_BLOCKS = YES;
				GCC_WARN_64_TO_32_BIT_CONVERSION = YES;
				GCC_WARN_ABOUT_RETURN_TYPE = YES_ERROR;
				GCC_WARN_UNDECLARED_SELECTOR = YES;
				GCC_WARN_UNINITIALIZED_AUTOS = YES_AGGRESSIVE;
				GCC_WARN_UNUSED_FUNCTION = YES;
				GCC_WARN_UNUSED_VARIABLE = YES;
				IPHONEOS_DEPLOYMENT_TARGET = 11.4;
				MTL_ENABLE_DEBUG_INFO = NO;
				OTHER_LDFLAGS = "-ObjC";
				SDKROOT = iphoneos;
				VALIDATE_PRODUCT = YES;
			};
			name = Release;
		};
		934CBA2521420AA1007F38FF /* Debug */ = {
			isa = XCBuildConfiguration;
			baseConfigurationReference = 329669E36240844A90B06065 /* Pods-lvdouyi.debug.xcconfig */;
			buildSettings = {
				ASSETCATALOG_COMPILER_APPICON_NAME = AppIcon;
				ASSETCATALOG_COMPILER_LAUNCHIMAGE_NAME = LaunchImage;
				CODE_SIGN_STYLE = Automatic;
				DEVELOPMENT_TEAM = 6USEZG8689;
				GCC_PREFIX_HEADER = lvdouyi/LvdouyiPrefix.pch;
				INFOPLIST_FILE = lvdouyi/Info.plist;
				IPHONEOS_DEPLOYMENT_TARGET = 10.0;
				LD_RUNPATH_SEARCH_PATHS = (
					"$(inherited)",
					"@executable_path/Frameworks",
				);
				PRODUCT_BUNDLE_IDENTIFIER = com.vitagou.lvdouyi;
				PRODUCT_NAME = "$(TARGET_NAME)";
				TARGETED_DEVICE_FAMILY = 1;
			};
			name = Debug;
		};
		934CBA2621420AA1007F38FF /* Release */ = {
			isa = XCBuildConfiguration;
			baseConfigurationReference = C27D4313EA524D904D6B92FA /* Pods-lvdouyi.release.xcconfig */;
			buildSettings = {
				ASSETCATALOG_COMPILER_APPICON_NAME = AppIcon;
				ASSETCATALOG_COMPILER_LAUNCHIMAGE_NAME = LaunchImage;
				CODE_SIGN_STYLE = Automatic;
				DEVELOPMENT_TEAM = 6USEZG8689;
				GCC_PREFIX_HEADER = lvdouyi/LvdouyiPrefix.pch;
				INFOPLIST_FILE = lvdouyi/Info.plist;
				IPHONEOS_DEPLOYMENT_TARGET = 10.0;
				LD_RUNPATH_SEARCH_PATHS = (
					"$(inherited)",
					"@executable_path/Frameworks",
				);
				PRODUCT_BUNDLE_IDENTIFIER = com.vitagou.lvdouyi;
				PRODUCT_NAME = "$(TARGET_NAME)";
				TARGETED_DEVICE_FAMILY = 1;
			};
			name = Release;
		};
/* End XCBuildConfiguration section */

/* Begin XCConfigurationList section */
		934CBA0621420A8D007F38FF /* Build configuration list for PBXProject "lvdouyi" */ = {
			isa = XCConfigurationList;
			buildConfigurations = (
				934CBA2221420AA1007F38FF /* Debug */,
				934CBA2321420AA1007F38FF /* Release */,
			);
			defaultConfigurationIsVisible = 0;
			defaultConfigurationName = Release;
		};
		934CBA2421420AA1007F38FF /* Build configuration list for PBXNativeTarget "lvdouyi" */ = {
			isa = XCConfigurationList;
			buildConfigurations = (
				934CBA2521420AA1007F38FF /* Debug */,
				934CBA2621420AA1007F38FF /* Release */,
			);
			defaultConfigurationIsVisible = 0;
			defaultConfigurationName = Release;
		};
/* End XCConfigurationList section */

/* Begin XCVersionGroup section */
		934CBA1721420A8D007F38FF /* lvdouyi.xcdatamodeld */ = {
			isa = XCVersionGroup;
			children = (
				934CBA1821420A8D007F38FF /* lvdouyi.xcdatamodel */,
			);
			currentVersion = 934CBA1821420A8D007F38FF /* lvdouyi.xcdatamodel */;
			path = lvdouyi.xcdatamodeld;
			sourceTree = "<group>";
			versionGroupType = wrapper.xcdatamodel;
		};
/* End XCVersionGroup section */
	};
	rootObject = 934CBA0321420A8D007F38FF /* Project object */;
}
