PODS:
  - ActionSheetPicker-3.0 (2.0.5)
  - AFNetworking (2.6.3):
    - AFNetworking/NSURLConnection (= 2.6.3)
    - AFNetworking/NSURLSession (= 2.6.3)
    - AFNetworking/Reachability (= 2.6.3)
    - AFNetworking/Security (= 2.6.3)
    - AFNetworking/Serialization (= 2.6.3)
    - AFNetworking/UIKit (= 2.6.3)
  - AFNetworking/NSURLConnection (2.6.3):
    - AFNetworking/Reachability
    - AFNetworking/Security
    - AFNetworking/Serialization
  - AFNetworking/NSURLSession (2.6.3):
    - AFNetworking/Reachability
    - AFNetworking/Security
    - AFNetworking/Serialization
  - AFNetworking/Reachability (2.6.3)
  - AFNetworking/Security (2.6.3)
  - AFNetworking/Serialization (2.6.3)
  - AFNetworking/UIKit (2.6.3):
    - AFNetworking/NSURLConnection
    - AFNetworking/NSURLSession
  - FMDB (2.7.2):
    - FMDB/standard (= 2.7.2)
  - FMDB/standard (2.7.2)
  - jastor (0.2.1)
  - Masonry (0.6.4)
  - MBProgressHUD (0.9.2)
  - MJExtension (3.0.13)
  - MJRefresh (3.1.12)
  - SDCycleScrollView (1.65):
    - SDWebImage (~> 3.7)
  - SDWebImage (3.7.6):
    - SDWebImage/Core (= 3.7.6)
  - SDWebImage/Core (3.7.6)
  - TouchJSON (1.1)
  - UITableView+FDTemplateLayoutCell (1.6)

DEPENDENCIES:
  - ActionSheetPicker-3.0 (~> 2.0.3)
  - AFNetworking (~> 2.6.3)
  - FMDB (~> 2.5)
  - jastor (~> 0.2.1)
  - Masonry (~> 0.6.4)
  - MBProgressHUD (~> 0.9.2)
  - MJExtension (~> 3.0.13)
  - MJRefresh
  - SDCycleScrollView
  - SDWebImage (~> 3.7.1)
  - TouchJSON (~> 1.1)
  - UITableView+FDTemplateLayoutCell (~> 1.4)

SPEC CHECKSUMS:
  ActionSheetPicker-3.0: 8312778b6815578e6a86d630fbcf31dc94c534e7
  AFNetworking: cb8d14a848e831097108418f5d49217339d4eb60
  FMDB: 6198a90e7b6900cfc046e6bc0ef6ebb7be9236aa
  jastor: fe9ff71f4b683698253d6a0d9a2561987fd9aff3
  Masonry: 281802d04d787ea2973179ee8bcb50500579ede2
  MBProgressHUD: 1569cf7ace17a8bac47aabfbb8580a49690386d1
  MJExtension: 5932755f451458eefa24239358817f8d291240c7
  MJRefresh: b96cdb21c4aa75a7b07654311ab2f315c497e806
  SDCycleScrollView: f72904c77698a7f93a41bcbbc2d78b073bf7326c
  SDWebImage: c325cf02c30337336b95beff20a13df489ec0ec9
  TouchJSON: 39be3595ebe489095311d97ce0c824417324cb74
  UITableView+FDTemplateLayoutCell: 5c949b4a5059c404b442926c0e80f81d10a2d66f

PODFILE CHECKSUM: 8f418e386239ae1345e512cba70f6161a0d70546

COCOAPODS: 1.2.1
