// !$*UTF8*$!
{
	archiveVersion = 1;
	classes = {
	};
	objectVersion = 50;
	objects = {

/* Begin PBXBuildFile section */
		9369FE2C211161A800EDB5B2 /* AppDelegate.swift in Sources */ = {isa = PBXBuildFile; fileRef = 9369FE2B211161A800EDB5B2 /* AppDelegate.swift */; };
		9369FE2E211161A800EDB5B2 /* ViewController.swift in Sources */ = {isa = PBXBuildFile; fileRef = 9369FE2D211161A800EDB5B2 /* ViewController.swift */; };
		9369FE31211161A800EDB5B2 /* Main.storyboard in Resources */ = {isa = PBXBuildFile; fileRef = 9369FE2F211161A800EDB5B2 /* Main.storyboard */; };
		9369FE34211161A800EDB5B2 /* AcculifeCommunication.xcdatamodeld in Sources */ = {isa = PBXBuildFile; fileRef = 9369FE32211161A800EDB5B2 /* AcculifeCommunication.xcdatamodeld */; };
		9369FE36211161AF00EDB5B2 /* Assets.xcassets in Resources */ = {isa = PBXBuildFile; fileRef = 9369FE35211161AF00EDB5B2 /* Assets.xcassets */; };
		9369FE39211161AF00EDB5B2 /* LaunchScreen.storyboard in Resources */ = {isa = PBXBuildFile; fileRef = 9369FE37211161AF00EDB5B2 /* LaunchScreen.storyboard */; };
		9369FE44211161AF00EDB5B2 /* AcculifeCommunicationTests.swift in Sources */ = {isa = PBXBuildFile; fileRef = 9369FE43211161AF00EDB5B2 /* AcculifeCommunicationTests.swift */; };
		9369FE4F211161AF00EDB5B2 /* AcculifeCommunicationUITests.swift in Sources */ = {isa = PBXBuildFile; fileRef = 9369FE4E211161AF00EDB5B2 /* AcculifeCommunicationUITests.swift */; };
/* End PBXBuildFile section */

/* Begin PBXContainerItemProxy section */
		9369FE40211161AF00EDB5B2 /* PBXContainerItemProxy */ = {
			isa = PBXContainerItemProxy;
			containerPortal = 9369FE20211161A800EDB5B2 /* Project object */;
			proxyType = 1;
			remoteGlobalIDString = 9369FE27211161A800EDB5B2;
			remoteInfo = AcculifeCommunication;
		};
		9369FE4B211161AF00EDB5B2 /* PBXContainerItemProxy */ = {
			isa = PBXContainerItemProxy;
			containerPortal = 9369FE20211161A800EDB5B2 /* Project object */;
			proxyType = 1;
			remoteGlobalIDString = 9369FE27211161A800EDB5B2;
			remoteInfo = AcculifeCommunication;
		};
/* End PBXContainerItemProxy section */

/* Begin PBXFileReference section */
		9369FE28211161A800EDB5B2 /* AcculifeCommunication.app */ = {isa = PBXFileReference; explicitFileType = wrapper.application; includeInIndex = 0; path = AcculifeCommunication.app; sourceTree = BUILT_PRODUCTS_DIR; };
		9369FE2B211161A800EDB5B2 /* AppDelegate.swift */ = {isa = PBXFileReference; lastKnownFileType = sourcecode.swift; path = AppDelegate.swift; sourceTree = "<group>"; };
		9369FE2D211161A800EDB5B2 /* ViewController.swift */ = {isa = PBXFileReference; lastKnownFileType = sourcecode.swift; path = ViewController.swift; sourceTree = "<group>"; };
		9369FE30211161A800EDB5B2 /* Base */ = {isa = PBXFileReference; lastKnownFileType = file.storyboard; name = Base; path = Base.lproj/Main.storyboard; sourceTree = "<group>"; };
		9369FE33211161A800EDB5B2 /* AcculifeCommunication.xcdatamodel */ = {isa = PBXFileReference; lastKnownFileType = wrapper.xcdatamodel; path = AcculifeCommunication.xcdatamodel; sourceTree = "<group>"; };
		9369FE35211161AF00EDB5B2 /* Assets.xcassets */ = {isa = PBXFileReference; lastKnownFileType = folder.assetcatalog; path = Assets.xcassets; sourceTree = "<group>"; };
		9369FE38211161AF00EDB5B2 /* Base */ = {isa = PBXFileReference; lastKnownFileType = file.storyboard; name = Base; path = Base.lproj/LaunchScreen.storyboard; sourceTree = "<group>"; };
		9369FE3A211161AF00EDB5B2 /* Info.plist */ = {isa = PBXFileReference; lastKnownFileType = text.plist.xml; path = Info.plist; sourceTree = "<group>"; };
		9369FE3F211161AF00EDB5B2 /* AcculifeCommunicationTests.xctest */ = {isa = PBXFileReference; explicitFileType = wrapper.cfbundle; includeInIndex = 0; path = AcculifeCommunicationTests.xctest; sourceTree = BUILT_PRODUCTS_DIR; };
		9369FE43211161AF00EDB5B2 /* AcculifeCommunicationTests.swift */ = {isa = PBXFileReference; lastKnownFileType = sourcecode.swift; path = AcculifeCommunicationTests.swift; sourceTree = "<group>"; };
		9369FE45211161AF00EDB5B2 /* Info.plist */ = {isa = PBXFileReference; lastKnownFileType = text.plist.xml; path = Info.plist; sourceTree = "<group>"; };
		9369FE4A211161AF00EDB5B2 /* AcculifeCommunicationUITests.xctest */ = {isa = PBXFileReference; explicitFileType = wrapper.cfbundle; includeInIndex = 0; path = AcculifeCommunicationUITests.xctest; sourceTree = BUILT_PRODUCTS_DIR; };
		9369FE4E211161AF00EDB5B2 /* AcculifeCommunicationUITests.swift */ = {isa = PBXFileReference; lastKnownFileType = sourcecode.swift; path = AcculifeCommunicationUITests.swift; sourceTree = "<group>"; };
		9369FE50211161AF00EDB5B2 /* Info.plist */ = {isa = PBXFileReference; lastKnownFileType = text.plist.xml; path = Info.plist; sourceTree = "<group>"; };
/* End PBXFileReference section */

/* Begin PBXFrameworksBuildPhase section */
		9369FE25211161A800EDB5B2 /* Frameworks */ = {
			isa = PBXFrameworksBuildPhase;
			buildActionMask = 2147483647;
			files = (
			);
			runOnlyForDeploymentPostprocessing = 0;
		};
		9369FE3C211161AF00EDB5B2 /* Frameworks */ = {
			isa = PBXFrameworksBuildPhase;
			buildActionMask = 2147483647;
			files = (
			);
			runOnlyForDeploymentPostprocessing = 0;
		};
		9369FE47211161AF00EDB5B2 /* Frameworks */ = {
			isa = PBXFrameworksBuildPhase;
			buildActionMask = 2147483647;
			files = (
			);
			runOnlyForDeploymentPostprocessing = 0;
		};
/* End PBXFrameworksBuildPhase section */

/* Begin PBXGroup section */
		9369FE1F211161A800EDB5B2 = {
			isa = PBXGroup;
			children = (
				9369FE2A211161A800EDB5B2 /* AcculifeCommunication */,
				9369FE42211161AF00EDB5B2 /* AcculifeCommunicationTests */,
				9369FE4D211161AF00EDB5B2 /* AcculifeCommunicationUITests */,
				9369FE29211161A800EDB5B2 /* Products */,
			);
			sourceTree = "<group>";
		};
		9369FE29211161A800EDB5B2 /* Products */ = {
			isa = PBXGroup;
			children = (
				9369FE28211161A800EDB5B2 /* AcculifeCommunication.app */,
				9369FE3F211161AF00EDB5B2 /* AcculifeCommunicationTests.xctest */,
				9369FE4A211161AF00EDB5B2 /* AcculifeCommunicationUITests.xctest */,
			);
			name = Products;
			sourceTree = "<group>";
		};
		9369FE2A211161A800EDB5B2 /* AcculifeCommunication */ = {
			isa = PBXGroup;
			children = (
				9369FE2B211161A800EDB5B2 /* AppDelegate.swift */,
				9369FE2D211161A800EDB5B2 /* ViewController.swift */,
				9369FE2F211161A800EDB5B2 /* Main.storyboard */,
				9369FE35211161AF00EDB5B2 /* Assets.xcassets */,
				9369FE37211161AF00EDB5B2 /* LaunchScreen.storyboard */,
				9369FE3A211161AF00EDB5B2 /* Info.plist */,
				9369FE32211161A800EDB5B2 /* AcculifeCommunication.xcdatamodeld */,
			);
			path = AcculifeCommunication;
			sourceTree = "<group>";
		};
		9369FE42211161AF00EDB5B2 /* AcculifeCommunicationTests */ = {
			isa = PBXGroup;
			children = (
				9369FE43211161AF00EDB5B2 /* AcculifeCommunicationTests.swift */,
				9369FE45211161AF00EDB5B2 /* Info.plist */,
			);
			path = AcculifeCommunicationTests;
			sourceTree = "<group>";
		};
		9369FE4D211161AF00EDB5B2 /* AcculifeCommunicationUITests */ = {
			isa = PBXGroup;
			children = (
				9369FE4E211161AF00EDB5B2 /* AcculifeCommunicationUITests.swift */,
				9369FE50211161AF00EDB5B2 /* Info.plist */,
			);
			path = AcculifeCommunicationUITests;
			sourceTree = "<group>";
		};
/* End PBXGroup section */

/* Begin PBXNativeTarget section */
		9369FE27211161A800EDB5B2 /* AcculifeCommunication */ = {
			isa = PBXNativeTarget;
			buildConfigurationList = 9369FE53211161AF00EDB5B2 /* Build configuration list for PBXNativeTarget "AcculifeCommunication" */;
			buildPhases = (
				9369FE24211161A800EDB5B2 /* Sources */,
				9369FE25211161A800EDB5B2 /* Frameworks */,
				9369FE26211161A800EDB5B2 /* Resources */,
			);
			buildRules = (
			);
			dependencies = (
			);
			name = AcculifeCommunication;
			productName = AcculifeCommunication;
			productReference = 9369FE28211161A800EDB5B2 /* AcculifeCommunication.app */;
			productType = "com.apple.product-type.application";
		};
		9369FE3E211161AF00EDB5B2 /* AcculifeCommunicationTests */ = {
			isa = PBXNativeTarget;
			buildConfigurationList = 9369FE56211161AF00EDB5B2 /* Build configuration list for PBXNativeTarget "AcculifeCommunicationTests" */;
			buildPhases = (
				9369FE3B211161AF00EDB5B2 /* Sources */,
				9369FE3C211161AF00EDB5B2 /* Frameworks */,
				9369FE3D211161AF00EDB5B2 /* Resources */,
			);
			buildRules = (
			);
			dependencies = (
				9369FE41211161AF00EDB5B2 /* PBXTargetDependency */,
			);
			name = AcculifeCommunicationTests;
			productName = AcculifeCommunicationTests;
			productReference = 9369FE3F211161AF00EDB5B2 /* AcculifeCommunicationTests.xctest */;
			productType = "com.apple.product-type.bundle.unit-test";
		};
		9369FE49211161AF00EDB5B2 /* AcculifeCommunicationUITests */ = {
			isa = PBXNativeTarget;
			buildConfigurationList = 9369FE59211161AF00EDB5B2 /* Build configuration list for PBXNativeTarget "AcculifeCommunicationUITests" */;
			buildPhases = (
				9369FE46211161AF00EDB5B2 /* Sources */,
				9369FE47211161AF00EDB5B2 /* Frameworks */,
				9369FE48211161AF00EDB5B2 /* Resources */,
			);
			buildRules = (
			);
			dependencies = (
				9369FE4C211161AF00EDB5B2 /* PBXTargetDependency */,
			);
			name = AcculifeCommunicationUITests;
			productName = AcculifeCommunicationUITests;
			productReference = 9369FE4A211161AF00EDB5B2 /* AcculifeCommunicationUITests.xctest */;
			productType = "com.apple.product-type.bundle.ui-testing";
		};
/* End PBXNativeTarget section */

/* Begin PBXProject section */
		9369FE20211161A800EDB5B2 /* Project object */ = {
			isa = PBXProject;
			attributes = {
				LastSwiftUpdateCheck = 0940;
				LastUpgradeCheck = 0940;
				ORGANIZATIONNAME = vitagou;
				TargetAttributes = {
					9369FE27211161A800EDB5B2 = {
						CreatedOnToolsVersion = 9.4.1;
					};
					9369FE3E211161AF00EDB5B2 = {
						CreatedOnToolsVersion = 9.4.1;
						TestTargetID = 9369FE27211161A800EDB5B2;
					};
					9369FE49211161AF00EDB5B2 = {
						CreatedOnToolsVersion = 9.4.1;
						TestTargetID = 9369FE27211161A800EDB5B2;
					};
				};
			};
			buildConfigurationList = 9369FE23211161A800EDB5B2 /* Build configuration list for PBXProject "AcculifeCommunication" */;
			compatibilityVersion = "Xcode 9.3";
			developmentRegion = en;
			hasScannedForEncodings = 0;
			knownRegions = (
				en,
				Base,
			);
			mainGroup = 9369FE1F211161A800EDB5B2;
			productRefGroup = 9369FE29211161A800EDB5B2 /* Products */;
			projectDirPath = "";
			projectRoot = "";
			targets = (
				9369FE27211161A800EDB5B2 /* AcculifeCommunication */,
				9369FE3E211161AF00EDB5B2 /* AcculifeCommunicationTests */,
				9369FE49211161AF00EDB5B2 /* AcculifeCommunicationUITests */,
			);
		};
/* End PBXProject section */

/* Begin PBXResourcesBuildPhase section */
		9369FE26211161A800EDB5B2 /* Resources */ = {
			isa = PBXResourcesBuildPhase;
			buildActionMask = 2147483647;
			files = (
				9369FE39211161AF00EDB5B2 /* LaunchScreen.storyboard in Resources */,
				9369FE36211161AF00EDB5B2 /* Assets.xcassets in Resources */,
				9369FE31211161A800EDB5B2 /* Main.storyboard in Resources */,
			);
			runOnlyForDeploymentPostprocessing = 0;
		};
		9369FE3D211161AF00EDB5B2 /* Resources */ = {
			isa = PBXResourcesBuildPhase;
			buildActionMask = 2147483647;
			files = (
			);
			runOnlyForDeploymentPostprocessing = 0;
		};
		9369FE48211161AF00EDB5B2 /* Resources */ = {
			isa = PBXResourcesBuildPhase;
			buildActionMask = 2147483647;
			files = (
			);
			runOnlyForDeploymentPostprocessing = 0;
		};
/* End PBXResourcesBuildPhase section */

/* Begin PBXSourcesBuildPhase section */
		9369FE24211161A800EDB5B2 /* Sources */ = {
			isa = PBXSourcesBuildPhase;
			buildActionMask = 2147483647;
			files = (
				9369FE2E211161A800EDB5B2 /* ViewController.swift in Sources */,
				9369FE34211161A800EDB5B2 /* AcculifeCommunication.xcdatamodeld in Sources */,
				9369FE2C211161A800EDB5B2 /* AppDelegate.swift in Sources */,
			);
			runOnlyForDeploymentPostprocessing = 0;
		};
		9369FE3B211161AF00EDB5B2 /* Sources */ = {
			isa = PBXSourcesBuildPhase;
			buildActionMask = 2147483647;
			files = (
				9369FE44211161AF00EDB5B2 /* AcculifeCommunicationTests.swift in Sources */,
			);
			runOnlyForDeploymentPostprocessing = 0;
		};
		9369FE46211161AF00EDB5B2 /* Sources */ = {
			isa = PBXSourcesBuildPhase;
			buildActionMask = 2147483647;
			files = (
				9369FE4F211161AF00EDB5B2 /* AcculifeCommunicationUITests.swift in Sources */,
			);
			runOnlyForDeploymentPostprocessing = 0;
		};
/* End PBXSourcesBuildPhase section */

/* Begin PBXTargetDependency section */
		9369FE41211161AF00EDB5B2 /* PBXTargetDependency */ = {
			isa = PBXTargetDependency;
			target = 9369FE27211161A800EDB5B2 /* AcculifeCommunication */;
			targetProxy = 9369FE40211161AF00EDB5B2 /* PBXContainerItemProxy */;
		};
		9369FE4C211161AF00EDB5B2 /* PBXTargetDependency */ = {
			isa = PBXTargetDependency;
			target = 9369FE27211161A800EDB5B2 /* AcculifeCommunication */;
			targetProxy = 9369FE4B211161AF00EDB5B2 /* PBXContainerItemProxy */;
		};
/* End PBXTargetDependency section */

/* Begin PBXVariantGroup section */
		9369FE2F211161A800EDB5B2 /* Main.storyboard */ = {
			isa = PBXVariantGroup;
			children = (
				9369FE30211161A800EDB5B2 /* Base */,
			);
			name = Main.storyboard;
			sourceTree = "<group>";
		};
		9369FE37211161AF00EDB5B2 /* LaunchScreen.storyboard */ = {
			isa = PBXVariantGroup;
			children = (
				9369FE38211161AF00EDB5B2 /* Base */,
			);
			name = LaunchScreen.storyboard;
			sourceTree = "<group>";
		};
/* End PBXVariantGroup section */

/* Begin XCBuildConfiguration section */
		9369FE51211161AF00EDB5B2 /* Debug */ = {
			isa = XCBuildConfiguration;
			buildSettings = {
				ALWAYS_SEARCH_USER_PATHS = NO;
				CLANG_ANALYZER_NONNULL = YES;
				CLANG_ANALYZER_NUMBER_OBJECT_CONVERSION = YES_AGGRESSIVE;
				CLANG_CXX_LANGUAGE_STANDARD = "gnu++14";
				CLANG_CXX_LIBRARY = "libc++";
				CLANG_ENABLE_MODULES = YES;
				CLANG_ENABLE_OBJC_ARC = YES;
				CLANG_ENABLE_OBJC_WEAK = YES;
				CLANG_WARN_BLOCK_CAPTURE_AUTORELEASING = YES;
				CLANG_WARN_BOOL_CONVERSION = YES;
				CLANG_WARN_COMMA = YES;
				CLANG_WARN_CONSTANT_CONVERSION = YES;
				CLANG_WARN_DEPRECATED_OBJC_IMPLEMENTATIONS = YES;
				CLANG_WARN_DIRECT_OBJC_ISA_USAGE = YES_ERROR;
				CLANG_WARN_DOCUMENTATION_COMMENTS = YES;
				CLANG_WARN_EMPTY_BODY = YES;
				CLANG_WARN_ENUM_CONVERSION = YES;
				CLANG_WARN_INFINITE_RECURSION = YES;
				CLANG_WARN_INT_CONVERSION = YES;
				CLANG_WARN_NON_LITERAL_NULL_CONVERSION = YES;
				CLANG_WARN_OBJC_IMPLICIT_RETAIN_SELF = YES;
				CLANG_WARN_OBJC_LITERAL_CONVERSION = YES;
				CLANG_WARN_OBJC_ROOT_CLASS = YES_ERROR;
				CLANG_WARN_RANGE_LOOP_ANALYSIS = YES;
				CLANG_WARN_STRICT_PROTOTYPES = YES;
				CLANG_WARN_SUSPICIOUS_MOVE = YES;
				CLANG_WARN_UNGUARDED_AVAILABILITY = YES_AGGRESSIVE;
				CLANG_WARN_UNREACHABLE_CODE = YES;
				CLANG_WARN__DUPLICATE_METHOD_MATCH = YES;
				CODE_SIGN_IDENTITY = "iPhone Developer";
				COPY_PHASE_STRIP = NO;
				DEBUG_INFORMATION_FORMAT = dwarf;
				ENABLE_STRICT_OBJC_MSGSEND = YES;
				ENABLE_TESTABILITY = YES;
				GCC_C_LANGUAGE_STANDARD = gnu11;
				GCC_DYNAMIC_NO_PIC = NO;
				GCC_NO_COMMON_BLOCKS = YES;
				GCC_OPTIMIZATION_LEVEL = 0;
				GCC_PREPROCESSOR_DEFINITIONS = (
					"DEBUG=1",
					"$(inherited)",
				);
				GCC_WARN_64_TO_32_BIT_CONVERSION = YES;
				GCC_WARN_ABOUT_RETURN_TYPE = YES_ERROR;
				GCC_WARN_UNDECLARED_SELECTOR = YES;
				GCC_WARN_UNINITIALIZED_AUTOS = YES_AGGRESSIVE;
				GCC_WARN_UNUSED_FUNCTION = YES;
				GCC_WARN_UNUSED_VARIABLE = YES;
				IPHONEOS_DEPLOYMENT_TARGET = 11.4;
				MTL_ENABLE_DEBUG_INFO = YES;
				ONLY_ACTIVE_ARCH = YES;
				SDKROOT = iphoneos;
				SWIFT_ACTIVE_COMPILATION_CONDITIONS = DEBUG;
				SWIFT_OPTIMIZATION_LEVEL = "-Onone";
			};
			name = Debug;
		};
		9369FE52211161AF00EDB5B2 /* Release */ = {
			isa = XCBuildConfiguration;
			buildSettings = {
				ALWAYS_SEARCH_USER_PATHS = NO;
				CLANG_ANALYZER_NONNULL = YES;
				CLANG_ANALYZER_NUMBER_OBJECT_CONVERSION = YES_AGGRESSIVE;
				CLANG_CXX_LANGUAGE_STANDARD = "gnu++14";
				CLANG_CXX_LIBRARY = "libc++";
				CLANG_ENABLE_MODULES = YES;
				CLANG_ENABLE_OBJC_ARC = YES;
				CLANG_ENABLE_OBJC_WEAK = YES;
				CLANG_WARN_BLOCK_CAPTURE_AUTORELEASING = YES;
				CLANG_WARN_BOOL_CONVERSION = YES;
				CLANG_WARN_COMMA = YES;
				CLANG_WARN_CONSTANT_CONVERSION = YES;
				CLANG_WARN_DEPRECATED_OBJC_IMPLEMENTATIONS = YES;
				CLANG_WARN_DIRECT_OBJC_ISA_USAGE = YES_ERROR;
				CLANG_WARN_DOCUMENTATION_COMMENTS = YES;
				CLANG_WARN_EMPTY_BODY = YES;
				CLANG_WARN_ENUM_CONVERSION = YES;
				CLANG_WARN_INFINITE_RECURSION = YES;
				CLANG_WARN_INT_CONVERSION = YES;
				CLANG_WARN_NON_LITERAL_NULL_CONVERSION = YES;
				CLANG_WARN_OBJC_IMPLICIT_RETAIN_SELF = YES;
				CLANG_WARN_OBJC_LITERAL_CONVERSION = YES;
				CLANG_WARN_OBJC_ROOT_CLASS = YES_ERROR;
				CLANG_WARN_RANGE_LOOP_ANALYSIS = YES;
				CLANG_WARN_STRICT_PROTOTYPES = YES;
				CLANG_WARN_SUSPICIOUS_MOVE = YES;
				CLANG_WARN_UNGUARDED_AVAILABILITY = YES_AGGRESSIVE;
				CLANG_WARN_UNREACHABLE_CODE = YES;
				CLANG_WARN__DUPLICATE_METHOD_MATCH = YES;
				CODE_SIGN_IDENTITY = "iPhone Developer";
				COPY_PHASE_STRIP = NO;
				DEBUG_INFORMATION_FORMAT = "dwarf-with-dsym";
				ENABLE_NS_ASSERTIONS = NO;
				ENABLE_STRICT_OBJC_MSGSEND = YES;
				GCC_C_LANGUAGE_STANDARD = gnu11;
				GCC_NO_COMMON_BLOCKS = YES;
				GCC_WARN_64_TO_32_BIT_CONVERSION = YES;
				GCC_WARN_ABOUT_RETURN_TYPE = YES_ERROR;
				GCC_WARN_UNDECLARED_SELECTOR = YES;
				GCC_WARN_UNINITIALIZED_AUTOS = YES_AGGRESSIVE;
				GCC_WARN_UNUSED_FUNCTION = YES;
				GCC_WARN_UNUSED_VARIABLE = YES;
				IPHONEOS_DEPLOYMENT_TARGET = 11.4;
				MTL_ENABLE_DEBUG_INFO = NO;
				SDKROOT = iphoneos;
				SWIFT_COMPILATION_MODE = wholemodule;
				SWIFT_OPTIMIZATION_LEVEL = "-O";
				VALIDATE_PRODUCT = YES;
			};
			name = Release;
		};
		9369FE54211161AF00EDB5B2 /* Debug */ = {
			isa = XCBuildConfiguration;
			buildSettings = {
				ASSETCATALOG_COMPILER_APPICON_NAME = AppIcon;
				CODE_SIGN_STYLE = Automatic;
				DEVELOPMENT_TEAM = 6USEZG8689;
				INFOPLIST_FILE = AcculifeCommunication/Info.plist;
				LD_RUNPATH_SEARCH_PATHS = (
					"$(inherited)",
					"@executable_path/Frameworks",
				);
				PRODUCT_BUNDLE_IDENTIFIER = com.vitagou.AcculifeCommunication;
				PRODUCT_NAME = "$(TARGET_NAME)";
				SWIFT_VERSION = 4.0;
				TARGETED_DEVICE_FAMILY = "1,2";
			};
			name = Debug;
		};
		9369FE55211161AF00EDB5B2 /* Release */ = {
			isa = XCBuildConfiguration;
			buildSettings = {
				ASSETCATALOG_COMPILER_APPICON_NAME = AppIcon;
				CODE_SIGN_STYLE = Automatic;
				DEVELOPMENT_TEAM = 6USEZG8689;
				INFOPLIST_FILE = AcculifeCommunication/Info.plist;
				LD_RUNPATH_SEARCH_PATHS = (
					"$(inherited)",
					"@executable_path/Frameworks",
				);
				PRODUCT_BUNDLE_IDENTIFIER = com.vitagou.AcculifeCommunication;
				PRODUCT_NAME = "$(TARGET_NAME)";
				SWIFT_VERSION = 4.0;
				TARGETED_DEVICE_FAMILY = "1,2";
			};
			name = Release;
		};
		9369FE57211161AF00EDB5B2 /* Debug */ = {
			isa = XCBuildConfiguration;
			buildSettings = {
				ALWAYS_EMBED_SWIFT_STANDARD_LIBRARIES = YES;
				BUNDLE_LOADER = "$(TEST_HOST)";
				CODE_SIGN_STYLE = Automatic;
				DEVELOPMENT_TEAM = 6USEZG8689;
				INFOPLIST_FILE = AcculifeCommunicationTests/Info.plist;
				LD_RUNPATH_SEARCH_PATHS = (
					"$(inherited)",
					"@executable_path/Frameworks",
					"@loader_path/Frameworks",
				);
				PRODUCT_BUNDLE_IDENTIFIER = com.vitagou.AcculifeCommunicationTests;
				PRODUCT_NAME = "$(TARGET_NAME)";
				SWIFT_VERSION = 4.0;
				TARGETED_DEVICE_FAMILY = "1,2";
				TEST_HOST = "$(BUILT_PRODUCTS_DIR)/AcculifeCommunication.app/AcculifeCommunication";
			};
			name = Debug;
		};
		9369FE58211161AF00EDB5B2 /* Release */ = {
			isa = XCBuildConfiguration;
			buildSettings = {
				ALWAYS_EMBED_SWIFT_STANDARD_LIBRARIES = YES;
				BUNDLE_LOADER = "$(TEST_HOST)";
				CODE_SIGN_STYLE = Automatic;
				DEVELOPMENT_TEAM = 6USEZG8689;
				INFOPLIST_FILE = AcculifeCommunicationTests/Info.plist;
				LD_RUNPATH_SEARCH_PATHS = (
					"$(inherited)",
					"@executable_path/Frameworks",
					"@loader_path/Frameworks",
				);
				PRODUCT_BUNDLE_IDENTIFIER = com.vitagou.AcculifeCommunicationTests;
				PRODUCT_NAME = "$(TARGET_NAME)";
				SWIFT_VERSION = 4.0;
				TARGETED_DEVICE_FAMILY = "1,2";
				TEST_HOST = "$(BUILT_PRODUCTS_DIR)/AcculifeCommunication.app/AcculifeCommunication";
			};
			name = Release;
		};
		9369FE5A211161AF00EDB5B2 /* Debug */ = {
			isa = XCBuildConfiguration;
			buildSettings = {
				ALWAYS_EMBED_SWIFT_STANDARD_LIBRARIES = YES;
				CODE_SIGN_STYLE = Automatic;
				DEVELOPMENT_TEAM = 6USEZG8689;
				INFOPLIST_FILE = AcculifeCommunicationUITests/Info.plist;
				LD_RUNPATH_SEARCH_PATHS = (
					"$(inherited)",
					"@executable_path/Frameworks",
					"@loader_path/Frameworks",
				);
				PRODUCT_BUNDLE_IDENTIFIER = com.vitagou.AcculifeCommunicationUITests;
				PRODUCT_NAME = "$(TARGET_NAME)";
				SWIFT_VERSION = 4.0;
				TARGETED_DEVICE_FAMILY = "1,2";
				TEST_TARGET_NAME = AcculifeCommunication;
			};
			name = Debug;
		};
		9369FE5B211161AF00EDB5B2 /* Release */ = {
			isa = XCBuildConfiguration;
			buildSettings = {
				ALWAYS_EMBED_SWIFT_STANDARD_LIBRARIES = YES;
				CODE_SIGN_STYLE = Automatic;
				DEVELOPMENT_TEAM = 6USEZG8689;
				INFOPLIST_FILE = AcculifeCommunicationUITests/Info.plist;
				LD_RUNPATH_SEARCH_PATHS = (
					"$(inherited)",
					"@executable_path/Frameworks",
					"@loader_path/Frameworks",
				);
				PRODUCT_BUNDLE_IDENTIFIER = com.vitagou.AcculifeCommunicationUITests;
				PRODUCT_NAME = "$(TARGET_NAME)";
				SWIFT_VERSION = 4.0;
				TARGETED_DEVICE_FAMILY = "1,2";
				TEST_TARGET_NAME = AcculifeCommunication;
			};
			name = Release;
		};
/* End XCBuildConfiguration section */

/* Begin XCConfigurationList section */
		9369FE23211161A800EDB5B2 /* Build configuration list for PBXProject "AcculifeCommunication" */ = {
			isa = XCConfigurationList;
			buildConfigurations = (
				9369FE51211161AF00EDB5B2 /* Debug */,
				9369FE52211161AF00EDB5B2 /* Release */,
			);
			defaultConfigurationIsVisible = 0;
			defaultConfigurationName = Release;
		};
		9369FE53211161AF00EDB5B2 /* Build configuration list for PBXNativeTarget "AcculifeCommunication" */ = {
			isa = XCConfigurationList;
			buildConfigurations = (
				9369FE54211161AF00EDB5B2 /* Debug */,
				9369FE55211161AF00EDB5B2 /* Release */,
			);
			defaultConfigurationIsVisible = 0;
			defaultConfigurationName = Release;
		};
		9369FE56211161AF00EDB5B2 /* Build configuration list for PBXNativeTarget "AcculifeCommunicationTests" */ = {
			isa = XCConfigurationList;
			buildConfigurations = (
				9369FE57211161AF00EDB5B2 /* Debug */,
				9369FE58211161AF00EDB5B2 /* Release */,
			);
			defaultConfigurationIsVisible = 0;
			defaultConfigurationName = Release;
		};
		9369FE59211161AF00EDB5B2 /* Build configuration list for PBXNativeTarget "AcculifeCommunicationUITests" */ = {
			isa = XCConfigurationList;
			buildConfigurations = (
				9369FE5A211161AF00EDB5B2 /* Debug */,
				9369FE5B211161AF00EDB5B2 /* Release */,
			);
			defaultConfigurationIsVisible = 0;
			defaultConfigurationName = Release;
		};
/* End XCConfigurationList section */

/* Begin XCVersionGroup section */
		9369FE32211161A800EDB5B2 /* AcculifeCommunication.xcdatamodeld */ = {
			isa = XCVersionGroup;
			children = (
				9369FE33211161A800EDB5B2 /* AcculifeCommunication.xcdatamodel */,
			);
			currentVersion = 9369FE33211161A800EDB5B2 /* AcculifeCommunication.xcdatamodel */;
			path = AcculifeCommunication.xcdatamodeld;
			sourceTree = "<group>";
			versionGroupType = wrapper.xcdatamodel;
		};
/* End XCVersionGroup section */
	};
	rootObject = 9369FE20211161A800EDB5B2 /* Project object */;
}
