PODS:
  - WKWebViewJavascriptBridge (1.1.0)

DEPENDENCIES:
  - WKWebViewJavascriptBridge (~> 1.1.0)

SPEC REPOS:
  https://github.com/cocoapods/specs.git:
    - WKWebViewJavascriptBridge

SPEC CHECKSUMS:
  WKWebViewJavascriptBridge: 8da532409bc489ba2c0a69cf38e5d1cd49e3d5e4

PODFILE CHECKSUM: e822948e0b925821f56b8a45aa235ff45e0c0f9b

COCOAPODS: 1.5.3
